// !$*UTF8*$!
{
	archiveVersion = 1;
	classes = {
	};
	objectVersion = 51;
	objects = {

/* Begin PBXBuildFile section */
		53EC0303C8FFB8BF2255D2E0 /* Pods_ForzaFixtures.framework in Frameworks */ = {isa = PBXBuildFile; fileRef = 20B67798ADC7A3BB8DBB3625 /* Pods_ForzaFixtures.framework */; };
		B2C5E8122327D2F900505305 /* AppDelegate.swift in Sources */ = {isa = PBXBuildFile; fileRef = B2C5E8112327D2F900505305 /* AppDelegate.swift */; };
		B2C5E8192327D2FB00505305 /* Assets.xcassets in Resources */ = {isa = PBXBuildFile; fileRef = B2C5E8182327D2FB00505305 /* Assets.xcassets */; };
		B2C5E81C2327D2FB00505305 /* LaunchScreen.storyboard in Resources */ = {isa = PBXBuildFile; fileRef = B2C5E81A2327D2FB00505305 /* LaunchScreen.storyboard */; };
		B2C5E825232A9F9800505305 /* FixturesViewController.swift in Sources */ = {isa = PBXBuildFile; fileRef = B2C5E824232A9F9800505305 /* FixturesViewController.swift */; };
		B2C5E827232A9FB600505305 /* Fixtures.storyboard in Resources */ = {isa = PBXBuildFile; fileRef = B2C5E826232A9FB600505305 /* Fixtures.storyboard */; };
		B2C5E82A232AA02300505305 /* FixturesViewModel.swift in Sources */ = {isa = PBXBuildFile; fileRef = B2C5E829232AA02300505305 /* FixturesViewModel.swift */; };
		B2C5E82C232AA69200505305 /* MatchTableViewCell.swift in Sources */ = {isa = PBXBuildFile; fileRef = B2C5E82B232AA69200505305 /* MatchTableViewCell.swift */; };
		B2C5E82E232BFD3F00505305 /* ForzaFixturesAPI.swift in Sources */ = {isa = PBXBuildFile; fileRef = B2C5E82D232BFD3F00505305 /* ForzaFixturesAPI.swift */; };
		B2C5E830232C2A5300505305 /* ForzaFixturesUIViewController.swift in Sources */ = {isa = PBXBuildFile; fileRef = B2C5E82F232C2A5300505305 /* ForzaFixturesUIViewController.swift */; };
		B2C5E834232C388A00505305 /* MatchModel.swift in Sources */ = {isa = PBXBuildFile; fileRef = B2C5E833232C388A00505305 /* MatchModel.swift */; };
		B2C5E8372330387800505305 /* ForzaFixturesUITableView.swift in Sources */ = {isa = PBXBuildFile; fileRef = B2C5E8362330387800505305 /* ForzaFixturesUITableView.swift */; };
		B2C5E83923303A0500505305 /* Reusable.swift in Sources */ = {isa = PBXBuildFile; fileRef = B2C5E83823303A0500505305 /* Reusable.swift */; };
/* End PBXBuildFile section */

/* Begin PBXFileReference section */
		0933EE399DB35FD4221B5246 /* Pods-ForzaFixtures1.debug.xcconfig */ = {isa = PBXFileReference; includeInIndex = 1; lastKnownFileType = text.xcconfig; name = "Pods-ForzaFixtures1.debug.xcconfig"; path = "Target Support Files/Pods-ForzaFixtures1/Pods-ForzaFixtures1.debug.xcconfig"; sourceTree = "<group>"; };
		0D4376BF86AECA7D662BDAB1 /* Pods-ForzaFixtures.release.xcconfig */ = {isa = PBXFileReference; includeInIndex = 1; lastKnownFileType = text.xcconfig; name = "Pods-ForzaFixtures.release.xcconfig"; path = "Target Support Files/Pods-ForzaFixtures/Pods-ForzaFixtures.release.xcconfig"; sourceTree = "<group>"; };
		20B67798ADC7A3BB8DBB3625 /* Pods_ForzaFixtures.framework */ = {isa = PBXFileReference; explicitFileType = wrapper.framework; includeInIndex = 0; path = Pods_ForzaFixtures.framework; sourceTree = BUILT_PRODUCTS_DIR; };
		647474358397BC2D94EC2879 /* Pods-ForzaFixtures1.release.xcconfig */ = {isa = PBXFileReference; includeInIndex = 1; lastKnownFileType = text.xcconfig; name = "Pods-ForzaFixtures1.release.xcconfig"; path = "Target Support Files/Pods-ForzaFixtures1/Pods-ForzaFixtures1.release.xcconfig"; sourceTree = "<group>"; };
		B2C5E80E2327D2F900505305 /* ForzaFixtures.app */ = {isa = PBXFileReference; explicitFileType = wrapper.application; includeInIndex = 0; path = ForzaFixtures.app; sourceTree = BUILT_PRODUCTS_DIR; };
		B2C5E8112327D2F900505305 /* AppDelegate.swift */ = {isa = PBXFileReference; lastKnownFileType = sourcecode.swift; path = AppDelegate.swift; sourceTree = "<group>"; };
		B2C5E8182327D2FB00505305 /* Assets.xcassets */ = {isa = PBXFileReference; lastKnownFileType = folder.assetcatalog; path = Assets.xcassets; sourceTree = "<group>"; };
		B2C5E81B2327D2FB00505305 /* Base */ = {isa = PBXFileReference; lastKnownFileType = file.storyboard; name = Base; path = Base.lproj/LaunchScreen.storyboard; sourceTree = "<group>"; };
		B2C5E81D2327D2FB00505305 /* Info.plist */ = {isa = PBXFileReference; lastKnownFileType = text.plist.xml; path = Info.plist; sourceTree = "<group>"; };
		B2C5E824232A9F9800505305 /* FixturesViewController.swift */ = {isa = PBXFileReference; lastKnownFileType = sourcecode.swift; path = FixturesViewController.swift; sourceTree = "<group>"; };
		B2C5E826232A9FB600505305 /* Fixtures.storyboard */ = {isa = PBXFileReference; lastKnownFileType = file.storyboard; path = Fixtures.storyboard; sourceTree = "<group>"; };
		B2C5E829232AA02300505305 /* FixturesViewModel.swift */ = {isa = PBXFileReference; lastKnownFileType = sourcecode.swift; path = FixturesViewModel.swift; sourceTree = "<group>"; };
		B2C5E82B232AA69200505305 /* MatchTableViewCell.swift */ = {isa = PBXFileReference; lastKnownFileType = sourcecode.swift; path = MatchTableViewCell.swift; sourceTree = "<group>"; };
		B2C5E82D232BFD3F00505305 /* ForzaFixturesAPI.swift */ = {isa = PBXFileReference; lastKnownFileType = sourcecode.swift; path = ForzaFixturesAPI.swift; sourceTree = "<group>"; };
		B2C5E82F232C2A5300505305 /* ForzaFixturesUIViewController.swift */ = {isa = PBXFileReference; lastKnownFileType = sourcecode.swift; path = ForzaFixturesUIViewController.swift; sourceTree = "<group>"; };
		B2C5E833232C388A00505305 /* MatchModel.swift */ = {isa = PBXFileReference; lastKnownFileType = sourcecode.swift; path = MatchModel.swift; sourceTree = "<group>"; };
		B2C5E8362330387800505305 /* ForzaFixturesUITableView.swift */ = {isa = PBXFileReference; lastKnownFileType = sourcecode.swift; path = ForzaFixturesUITableView.swift; sourceTree = "<group>"; };
		B2C5E83823303A0500505305 /* Reusable.swift */ = {isa = PBXFileReference; lastKnownFileType = sourcecode.swift; path = Reusable.swift; sourceTree = "<group>"; };
		FC931AE769017938B42DC8DC /* Pods-ForzaFixtures.debug.xcconfig */ = {isa = PBXFileReference; includeInIndex = 1; lastKnownFileType = text.xcconfig; name = "Pods-ForzaFixtures.debug.xcconfig"; path = "Target Support Files/Pods-ForzaFixtures/Pods-ForzaFixtures.debug.xcconfig"; sourceTree = "<group>"; };
/* End PBXFileReference section */

/* Begin PBXFrameworksBuildPhase section */
		B2C5E80B2327D2F900505305 /* Frameworks */ = {
			isa = PBXFrameworksBuildPhase;
			buildActionMask = 2147483647;
			files = (
				53EC0303C8FFB8BF2255D2E0 /* Pods_ForzaFixtures.framework in Frameworks */,
			);
			runOnlyForDeploymentPostprocessing = 0;
		};
/* End PBXFrameworksBuildPhase section */

/* Begin PBXGroup section */
		A14C89ED53C2A432F4C88216 /* Frameworks */ = {
			isa = PBXGroup;
			children = (
				20B67798ADC7A3BB8DBB3625 /* Pods_ForzaFixtures.framework */,
			);
			name = Frameworks;
			sourceTree = "<group>";
		};
		B2C5E8052327D2F900505305 = {
			isa = PBXGroup;
			children = (
				B2C5E8102327D2F900505305 /* ForzaFixtures */,
				B2C5E80F2327D2F900505305 /* Products */,
				BD4B4A2E78BE6D13305F63DF /* Pods */,
				A14C89ED53C2A432F4C88216 /* Frameworks */,
			);
			sourceTree = "<group>";
		};
		B2C5E80F2327D2F900505305 /* Products */ = {
			isa = PBXGroup;
			children = (
				B2C5E80E2327D2F900505305 /* ForzaFixtures.app */,
			);
			name = Products;
			sourceTree = "<group>";
		};
		B2C5E8102327D2F900505305 /* ForzaFixtures */ = {
			isa = PBXGroup;
			children = (
				B2C5E8112327D2F900505305 /* AppDelegate.swift */,
				B2C5E833232C388A00505305 /* MatchModel.swift */,
				B2C5E832232C2AB700505305 /* Network */,
				B2C5E83A23303B2C00505305 /* Protocols */,
				B2C5E831232C2AAB00505305 /* Extensions */,
				B2C5E828232A9FBD00505305 /* Fixtures */,
				B2C5E8182327D2FB00505305 /* Assets.xcassets */,
				B2C5E81A2327D2FB00505305 /* LaunchScreen.storyboard */,
				B2C5E81D2327D2FB00505305 /* Info.plist */,
			);
			path = ForzaFixtures;
			sourceTree = "<group>";
		};
		B2C5E828232A9FBD00505305 /* Fixtures */ = {
			isa = PBXGroup;
			children = (
				B2C5E824232A9F9800505305 /* FixturesViewController.swift */,
				B2C5E826232A9FB600505305 /* Fixtures.storyboard */,
				B2C5E835232D080B00505305 /* ViewModel */,
				B2C5E82B232AA69200505305 /* MatchTableViewCell.swift */,
			);
			path = Fixtures;
			sourceTree = "<group>";
		};
		B2C5E831232C2AAB00505305 /* Extensions */ = {
			isa = PBXGroup;
			children = (
				B2C5E82F232C2A5300505305 /* ForzaFixturesUIViewController.swift */,
				B2C5E8362330387800505305 /* ForzaFixturesUITableView.swift */,
			);
			path = Extensions;
			sourceTree = "<group>";
		};
		B2C5E832232C2AB700505305 /* Network */ = {
			isa = PBXGroup;
			children = (
				B2C5E82D232BFD3F00505305 /* ForzaFixturesAPI.swift */,
			);
			path = Network;
			sourceTree = "<group>";
		};
		B2C5E835232D080B00505305 /* ViewModel */ = {
			isa = PBXGroup;
			children = (
				B2C5E829232AA02300505305 /* FixturesViewModel.swift */,
			);
			path = ViewModel;
			sourceTree = "<group>";
		};
		B2C5E83A23303B2C00505305 /* Protocols */ = {
			isa = PBXGroup;
			children = (
				B2C5E83823303A0500505305 /* Reusable.swift */,
			);
			path = Protocols;
			sourceTree = "<group>";
		};
		BD4B4A2E78BE6D13305F63DF /* Pods */ = {
			isa = PBXGroup;
			children = (
				0933EE399DB35FD4221B5246 /* Pods-ForzaFixtures1.debug.xcconfig */,
				647474358397BC2D94EC2879 /* Pods-ForzaFixtures1.release.xcconfig */,
				FC931AE769017938B42DC8DC /* Pods-ForzaFixtures.debug.xcconfig */,
				0D4376BF86AECA7D662BDAB1 /* Pods-ForzaFixtures.release.xcconfig */,
			);
			path = Pods;
			sourceTree = "<group>";
		};
/* End PBXGroup section */

/* Begin PBXNativeTarget section */
		B2C5E80D2327D2F900505305 /* ForzaFixtures */ = {
			isa = PBXNativeTarget;
			buildConfigurationList = B2C5E8202327D2FB00505305 /* Build configuration list for PBXNativeTarget "ForzaFixtures" */;
			buildPhases = (
				1E905454B51534CB12E4EAD0 /* [CP] Check Pods Manifest.lock */,
				B2C5E80A2327D2F900505305 /* Sources */,
				B2C5E80B2327D2F900505305 /* Frameworks */,
				B2C5E80C2327D2F900505305 /* Resources */,
				B2C5E82323293DBE00505305 /* ShellScript */,
				6786240AA3107E9C51C1759E /* [CP] Embed Pods Frameworks */,
			);
			buildRules = (
			);
			dependencies = (
			);
			name = ForzaFixtures;
			productName = ForzaFixtures1;
			productReference = B2C5E80E2327D2F900505305 /* ForzaFixtures.app */;
			productType = "com.apple.product-type.application";
		};
/* End PBXNativeTarget section */

/* Begin PBXProject section */
		B2C5E8062327D2F900505305 /* Project object */ = {
			isa = PBXProject;
			attributes = {
				LastSwiftUpdateCheck = 1030;
				LastUpgradeCheck = 1030;
				ORGANIZATIONNAME = ViktorX;
				TargetAttributes = {
					B2C5E80D2327D2F900505305 = {
						CreatedOnToolsVersion = 10.3;
					};
				};
			};
			buildConfigurationList = B2C5E8092327D2F900505305 /* Build configuration list for PBXProject "ForzaFixtures" */;
			compatibilityVersion = "Xcode 9.3";
			developmentRegion = en;
			hasScannedForEncodings = 0;
			knownRegions = (
				en,
				Base,
			);
			mainGroup = B2C5E8052327D2F900505305;
			productRefGroup = B2C5E80F2327D2F900505305 /* Products */;
			projectDirPath = "";
			projectRoot = "";
			targets = (
				B2C5E80D2327D2F900505305 /* ForzaFixtures */,
			);
		};
/* End PBXProject section */

/* Begin PBXResourcesBuildPhase section */
		B2C5E80C2327D2F900505305 /* Resources */ = {
			isa = PBXResourcesBuildPhase;
			buildActionMask = 2147483647;
			files = (
				B2C5E827232A9FB600505305 /* Fixtures.storyboard in Resources */,
				B2C5E81C2327D2FB00505305 /* LaunchScreen.storyboard in Resources */,
				B2C5E8192327D2FB00505305 /* Assets.xcassets in Resources */,
			);
			runOnlyForDeploymentPostprocessing = 0;
		};
/* End PBXResourcesBuildPhase section */

/* Begin PBXShellScriptBuildPhase section */
		1E905454B51534CB12E4EAD0 /* [CP] Check Pods Manifest.lock */ = {
			isa = PBXShellScriptBuildPhase;
			buildActionMask = 2147483647;
			files = (
			);
			inputFileListPaths = (
			);
			inputPaths = (
				"${PODS_PODFILE_DIR_PATH}/Podfile.lock",
				"${PODS_ROOT}/Manifest.lock",
			);
			name = "[CP] Check Pods Manifest.lock";
			outputFileListPaths = (
			);
			outputPaths = (
				"$(DERIVED_FILE_DIR)/Pods-ForzaFixtures-checkManifestLockResult.txt",
			);
			runOnlyForDeploymentPostprocessing = 0;
			shellPath = /bin/sh;
			shellScript = "diff \"${PODS_PODFILE_DIR_PATH}/Podfile.lock\" \"${PODS_ROOT}/Manifest.lock\" > /dev/null\nif [ $? != 0 ] ; then\n    # print error to STDERR\n    echo \"error: The sandbox is not in sync with the Podfile.lock. Run 'pod install' or update your CocoaPods installation.\" >&2\n    exit 1\nfi\n# This output is used by Xcode 'outputs' to avoid re-running this script phase.\necho \"SUCCESS\" > \"${SCRIPT_OUTPUT_FILE_0}\"\n";
			showEnvVarsInLog = 0;
		};
		6786240AA3107E9C51C1759E /* [CP] Embed Pods Frameworks */ = {
			isa = PBXShellScriptBuildPhase;
			buildActionMask = 2147483647;
			files = (
			);
			inputFileListPaths = (
				"${PODS_ROOT}/Target Support Files/Pods-ForzaFixtures/Pods-ForzaFixtures-frameworks-${CONFIGURATION}-input-files.xcfilelist",
			);
			name = "[CP] Embed Pods Frameworks";
			outputFileListPaths = (
				"${PODS_ROOT}/Target Support Files/Pods-ForzaFixtures/Pods-ForzaFixtures-frameworks-${CONFIGURATION}-output-files.xcfilelist",
			);
			runOnlyForDeploymentPostprocessing = 0;
			shellPath = /bin/sh;
			shellScript = "\"${PODS_ROOT}/Target Support Files/Pods-ForzaFixtures/Pods-ForzaFixtures-frameworks.sh\"\n";
			showEnvVarsInLog = 0;
		};
		B2C5E82323293DBE00505305 /* ShellScript */ = {
			isa = PBXShellScriptBuildPhase;
			buildActionMask = 2147483647;
			files = (
			);
			inputFileListPaths = (
			);
			inputPaths = (
			);
			outputFileListPaths = (
			);
			outputPaths = (
			);
			runOnlyForDeploymentPostprocessing = 0;
			shellPath = /bin/sh;
			shellScript = "# Type a script or drag a script file from your workspace to insert its path.\n\"${PODS_ROOT}/SwiftLint/swiftlint\"\n";
		};
/* End PBXShellScriptBuildPhase section */

/* Begin PBXSourcesBuildPhase section */
		B2C5E80A2327D2F900505305 /* Sources */ = {
			isa = PBXSourcesBuildPhase;
			buildActionMask = 2147483647;
			files = (
				B2C5E82A232AA02300505305 /* FixturesViewModel.swift in Sources */,
				B2C5E834232C388A00505305 /* MatchModel.swift in Sources */,
				B2C5E830232C2A5300505305 /* ForzaFixturesUIViewController.swift in Sources */,
				B2C5E83923303A0500505305 /* Reusable.swift in Sources */,
				B2C5E82C232AA69200505305 /* MatchTableViewCell.swift in Sources */,
				B2C5E82E232BFD3F00505305 /* ForzaFixturesAPI.swift in Sources */,
				B2C5E8122327D2F900505305 /* AppDelegate.swift in Sources */,
				B2C5E8372330387800505305 /* ForzaFixturesUITableView.swift in Sources */,
				B2C5E825232A9F9800505305 /* FixturesViewController.swift in Sources */,
			);
			runOnlyForDeploymentPostprocessing = 0;
		};
/* End PBXSourcesBuildPhase section */

/* Begin PBXVariantGroup section */
		B2C5E81A2327D2FB00505305 /* LaunchScreen.storyboard */ = {
			isa = PBXVariantGroup;
			children = (
				B2C5E81B2327D2FB00505305 /* Base */,
			);
			name = LaunchScreen.storyboard;
			sourceTree = "<group>";
		};
/* End PBXVariantGroup section */

/* Begin XCBuildConfiguration section */
		B2C5E81E2327D2FB00505305 /* Debug */ = {
			isa = XCBuildConfiguration;
			buildSettings = {
				ALWAYS_SEARCH_USER_PATHS = NO;
				CLANG_ANALYZER_NONNULL = YES;
				CLANG_ANALYZER_NUMBER_OBJECT_CONVERSION = YES_AGGRESSIVE;
				CLANG_CXX_LANGUAGE_STANDARD = "gnu++14";
				CLANG_CXX_LIBRARY = "libc++";
				CLANG_ENABLE_MODULES = YES;
				CLANG_ENABLE_OBJC_ARC = YES;
				CLANG_ENABLE_OBJC_WEAK = YES;
				CLANG_WARN_BLOCK_CAPTURE_AUTORELEASING = YES;
				CLANG_WARN_BOOL_CONVERSION = YES;
				CLANG_WARN_COMMA = YES;
				CLANG_WARN_CONSTANT_CONVERSION = YES;
				CLANG_WARN_DEPRECATED_OBJC_IMPLEMENTATIONS = YES;
				CLANG_WARN_DIRECT_OBJC_ISA_USAGE = YES_ERROR;
				CLANG_WARN_DOCUMENTATION_COMMENTS = YES;
				CLANG_WARN_EMPTY_BODY = YES;
				CLANG_WARN_ENUM_CONVERSION = YES;
				CLANG_WARN_INFINITE_RECURSION = YES;
				CLANG_WARN_INT_CONVERSION = YES;
				CLANG_WARN_NON_LITERAL_NULL_CONVERSION = YES;
				CLANG_WARN_OBJC_IMPLICIT_RETAIN_SELF = YES;
				CLANG_WARN_OBJC_LITERAL_CONVERSION = YES;
				CLANG_WARN_OBJC_ROOT_CLASS = YES_ERROR;
				CLANG_WARN_RANGE_LOOP_ANALYSIS = YES;
				CLANG_WARN_STRICT_PROTOTYPES = YES;
				CLANG_WARN_SUSPICIOUS_MOVE = YES;
				CLANG_WARN_UNGUARDED_AVAILABILITY = YES_AGGRESSIVE;
				CLANG_WARN_UNREACHABLE_CODE = YES;
				CLANG_WARN__DUPLICATE_METHOD_MATCH = YES;
				CODE_SIGN_IDENTITY = "iPhone Developer";
				COPY_PHASE_STRIP = NO;
				DEBUG_INFORMATION_FORMAT = dwarf;
				ENABLE_STRICT_OBJC_MSGSEND = YES;
				ENABLE_TESTABILITY = YES;
				GCC_C_LANGUAGE_STANDARD = gnu11;
				GCC_DYNAMIC_NO_PIC = NO;
				GCC_NO_COMMON_BLOCKS = YES;
				GCC_OPTIMIZATION_LEVEL = 0;
				GCC_PREPROCESSOR_DEFINITIONS = (
					"DEBUG=1",
					"$(inherited)",
				);
				GCC_WARN_64_TO_32_BIT_CONVERSION = YES;
				GCC_WARN_ABOUT_RETURN_TYPE = YES_ERROR;
				GCC_WARN_UNDECLARED_SELECTOR = YES;
				GCC_WARN_UNINITIALIZED_AUTOS = YES_AGGRESSIVE;
				GCC_WARN_UNUSED_FUNCTION = YES;
				GCC_WARN_UNUSED_VARIABLE = YES;
				IPHONEOS_DEPLOYMENT_TARGET = 12.4;
				MTL_ENABLE_DEBUG_INFO = INCLUDE_SOURCE;
				MTL_FAST_MATH = YES;
				ONLY_ACTIVE_ARCH = YES;
				SDKROOT = iphoneos;
				SWIFT_ACTIVE_COMPILATION_CONDITIONS = DEBUG;
				SWIFT_OPTIMIZATION_LEVEL = "-Onone";
			};
			name = Debug;
		};
		B2C5E81F2327D2FB00505305 /* Release */ = {
			isa = XCBuildConfiguration;
			buildSettings = {
				ALWAYS_SEARCH_USER_PATHS = NO;
				CLANG_ANALYZER_NONNULL = YES;
				CLANG_ANALYZER_NUMBER_OBJECT_CONVERSION = YES_AGGRESSIVE;
				CLANG_CXX_LANGUAGE_STANDARD = "gnu++14";
				CLANG_CXX_LIBRARY = "libc++";
				CLANG_ENABLE_MODULES = YES;
				CLANG_ENABLE_OBJC_ARC = YES;
				CLANG_ENABLE_OBJC_WEAK = YES;
				CLANG_WARN_BLOCK_CAPTURE_AUTORELEASING = YES;
				CLANG_WARN_BOOL_CONVERSION = YES;
				CLANG_WARN_COMMA = YES;
				CLANG_WARN_CONSTANT_CONVERSION = YES;
				CLANG_WARN_DEPRECATED_OBJC_IMPLEMENTATIONS = YES;
				CLANG_WARN_DIRECT_OBJC_ISA_USAGE = YES_ERROR;
				CLANG_WARN_DOCUMENTATION_COMMENTS = YES;
				CLANG_WARN_EMPTY_BODY = YES;
				CLANG_WARN_ENUM_CONVERSION = YES;
				CLANG_WARN_INFINITE_RECURSION = YES;
				CLANG_WARN_INT_CONVERSION = YES;
				CLANG_WARN_NON_LITERAL_NULL_CONVERSION = YES;
				CLANG_WARN_OBJC_IMPLICIT_RETAIN_SELF = YES;
				CLANG_WARN_OBJC_LITERAL_CONVERSION = YES;
				CLANG_WARN_OBJC_ROOT_CLASS = YES_ERROR;
				CLANG_WARN_RANGE_LOOP_ANALYSIS = YES;
				CLANG_WARN_STRICT_PROTOTYPES = YES;
				CLANG_WARN_SUSPICIOUS_MOVE = YES;
				CLANG_WARN_UNGUARDED_AVAILABILITY = YES_AGGRESSIVE;
				CLANG_WARN_UNREACHABLE_CODE = YES;
				CLANG_WARN__DUPLICATE_METHOD_MATCH = YES;
				CODE_SIGN_IDENTITY = "iPhone Developer";
				COPY_PHASE_STRIP = NO;
				DEBUG_INFORMATION_FORMAT = "dwarf-with-dsym";
				ENABLE_NS_ASSERTIONS = NO;
				ENABLE_STRICT_OBJC_MSGSEND = YES;
				GCC_C_LANGUAGE_STANDARD = gnu11;
				GCC_NO_COMMON_BLOCKS = YES;
				GCC_WARN_64_TO_32_BIT_CONVERSION = YES;
				GCC_WARN_ABOUT_RETURN_TYPE = YES_ERROR;
				GCC_WARN_UNDECLARED_SELECTOR = YES;
				GCC_WARN_UNINITIALIZED_AUTOS = YES_AGGRESSIVE;
				GCC_WARN_UNUSED_FUNCTION = YES;
				GCC_WARN_UNUSED_VARIABLE = YES;
				IPHONEOS_DEPLOYMENT_TARGET = 12.4;
				MTL_ENABLE_DEBUG_INFO = NO;
				MTL_FAST_MATH = YES;
				SDKROOT = iphoneos;
				SWIFT_COMPILATION_MODE = wholemodule;
				SWIFT_OPTIMIZATION_LEVEL = "-O";
				VALIDATE_PRODUCT = YES;
			};
			name = Release;
		};
		B2C5E8212327D2FB00505305 /* Debug */ = {
			isa = XCBuildConfiguration;
			baseConfigurationReference = FC931AE769017938B42DC8DC /* Pods-ForzaFixtures.debug.xcconfig */;
			buildSettings = {
				ASSETCATALOG_COMPILER_APPICON_NAME = AppIcon;
				CODE_SIGN_STYLE = Automatic;
				DEVELOPMENT_TEAM = 72QCFK8GSD;
				INFOPLIST_FILE = ForzaFixtures/Info.plist;
				LD_RUNPATH_SEARCH_PATHS = (
					"$(inherited)",
					"@executable_path/Frameworks",
				);
				PRODUCT_BUNDLE_IDENTIFIER = nice321.ForzaFixtures;
				PRODUCT_NAME = "$(TARGET_NAME)";
				SWIFT_VERSION = 5.0;
				TARGETED_DEVICE_FAMILY = "1,2";
			};
			name = Debug;
		};
		B2C5E8222327D2FB00505305 /* Release */ = {
			isa = XCBuildConfiguration;
			baseConfigurationReference = 0D4376BF86AECA7D662BDAB1 /* Pods-ForzaFixtures.release.xcconfig */;
			buildSettings = {
				ASSETCATALOG_COMPILER_APPICON_NAME = AppIcon;
				CODE_SIGN_STYLE = Automatic;
				DEVELOPMENT_TEAM = 72QCFK8GSD;
				INFOPLIST_FILE = ForzaFixtures/Info.plist;
				LD_RUNPATH_SEARCH_PATHS = (
					"$(inherited)",
					"@executable_path/Frameworks",
				);
				PRODUCT_BUNDLE_IDENTIFIER = nice321.ForzaFixtures;
				PRODUCT_NAME = "$(TARGET_NAME)";
				SWIFT_VERSION = 5.0;
				TARGETED_DEVICE_FAMILY = "1,2";
			};
			name = Release;
		};
/* End XCBuildConfiguration section */

/* Begin XCConfigurationList section */
		B2C5E8092327D2F900505305 /* Build configuration list for PBXProject "ForzaFixtures" */ = {
			isa = XCConfigurationList;
			buildConfigurations = (
				B2C5E81E2327D2FB00505305 /* Debug */,
				B2C5E81F2327D2FB00505305 /* Release */,
			);
			defaultConfigurationIsVisible = 0;
			defaultConfigurationName = Release;
		};
		B2C5E8202327D2FB00505305 /* Build configuration list for PBXNativeTarget "ForzaFixtures" */ = {
			isa = XCConfigurationList;
			buildConfigurations = (
				B2C5E8212327D2FB00505305 /* Debug */,
				B2C5E8222327D2FB00505305 /* Release */,
			);
			defaultConfigurationIsVisible = 0;
			defaultConfigurationName = Release;
		};
/* End XCConfigurationList section */
	};
	rootObject = B2C5E8062327D2F900505305 /* Project object */;
}
